
Microsoft Visual Studio Solution File, Format Version 12.00
# Visual Studio Version 16
VisualStudioVersion = 16.0.29009.5
MinimumVisualStudioVersion = 10.0.40219.1
Project("{FAE04EC0-301F-11D3-BF4B-00C04F79EFBC}") = "逐字稿工具", "逐字稿工具\逐字稿工具.csproj", "{F3AEB1CF-1CCA-4FE6-B41E-966122531924}"
EndProject
Global
	GlobalSection(SolutionConfigurationPlatforms) = preSolution
		Debug|Any CPU = Debug|Any CPU
		Release|Any CPU = Release|Any CPU
	EndGlobalSection
	GlobalSection(ProjectConfigurationPlatforms) = postSolution
		{F3AEB1CF-1CCA-4FE6-B41E-966122531924}.Debug|Any CPU.ActiveCfg = Debug|Any CPU
		{F3AEB1CF-1CCA-4FE6-B41E-966122531924}.Debug|Any CPU.Build.0 = Debug|Any CPU
		{F3AEB1CF-1CCA-4FE6-B41E-966122531924}.Release|Any CPU.ActiveCfg = Release|Any CPU
		{F3AEB1CF-1CCA-4FE6-B41E-966122531924}.Release|Any CPU.Build.0 = Release|Any CPU
	EndGlobalSection
	GlobalSection(SolutionProperties) = preSolution
		HideSolutionNode = FALSE
	EndGlobalSection
	GlobalSection(ExtensibilityGlobals) = postSolution
		SolutionGuid = {0EA110E3-C056-48AE-8A7D-6C0FB5FB5310}
	EndGlobalSection
EndGlobal
